// !$*UTF8*$!
{
	archiveVersion = 1;
	classes = {
	};
	objectVersion = 55;
	objects = {

/* Begin PBXBuildFile section */
		82A8EE9C28D271FA00826F0F /* Localizable.strings in Resources */ = {isa = PBXBuildFile; fileRef = 82A8EE9E28D271FA00826F0F /* Localizable.strings */; };
		82A8EEA128D272F100826F0F /* String.swift in Sources */ = {isa = PBXBuildFile; fileRef = 82A8EEA028D272F100826F0F /* String.swift */; };
		82A8EEA428D2732600826F0F /* Localizations.swift in Sources */ = {isa = PBXBuildFile; fileRef = 82A8EEA328D2732600826F0F /* Localizations.swift */; };
		82A8EEA728D278D000826F0F /* Image.swift in Sources */ = {isa = PBXBuildFile; fileRef = 82A8EEA628D278D000826F0F /* Image.swift */; };
		82C7AE8428CE599600F0563E /* BucketListApp.swift in Sources */ = {isa = PBXBuildFile; fileRef = 82C7AE8328CE599600F0563E /* BucketListApp.swift */; };
		82C7AE8628CE599600F0563E /* RootView.swift in Sources */ = {isa = PBXBuildFile; fileRef = 82C7AE8528CE599600F0563E /* RootView.swift */; };
		82C7AE8828CE599900F0563E /* Assets.xcassets in Resources */ = {isa = PBXBuildFile; fileRef = 82C7AE8728CE599900F0563E /* Assets.xcassets */; };
		82C7AE8B28CE599900F0563E /* Preview Assets.xcassets in Resources */ = {isa = PBXBuildFile; fileRef = 82C7AE8A28CE599900F0563E /* Preview Assets.xcassets */; };
		82C7AE9528CE599A00F0563E /* BucketListTests.swift in Sources */ = {isa = PBXBuildFile; fileRef = 82C7AE9428CE599A00F0563E /* BucketListTests.swift */; };
		82C7AE9F28CE599A00F0563E /* BucketListUITests.swift in Sources */ = {isa = PBXBuildFile; fileRef = 82C7AE9E28CE599A00F0563E /* BucketListUITests.swift */; };
		82C7AEA128CE599A00F0563E /* BucketListUITestsLaunchTests.swift in Sources */ = {isa = PBXBuildFile; fileRef = 82C7AEA028CE599A00F0563E /* BucketListUITestsLaunchTests.swift */; };
		82C7AEB328CE5C0300F0563E /* User.swift in Sources */ = {isa = PBXBuildFile; fileRef = 82C7AEB228CE5C0300F0563E /* User.swift */; };
		82C7AEB728CE5DC300F0563E /* FileManager.swift in Sources */ = {isa = PBXBuildFile; fileRef = 82C7AEB628CE5DC300F0563E /* FileManager.swift */; };
		82C7AEB928CE600D00F0563E /* Bundle.swift in Sources */ = {isa = PBXBuildFile; fileRef = 82C7AEB828CE600D00F0563E /* Bundle.swift */; };
		82C7AEBC28CE666100F0563E /* MapView.swift in Sources */ = {isa = PBXBuildFile; fileRef = 82C7AEBB28CE666100F0563E /* MapView.swift */; };
		82C7AEBE28CE66BA00F0563E /* MapViewModel.swift in Sources */ = {isa = PBXBuildFile; fileRef = 82C7AEBD28CE66BA00F0563E /* MapViewModel.swift */; };
		82C7AEC028CE69B500F0563E /* Location.swift in Sources */ = {isa = PBXBuildFile; fileRef = 82C7AEBF28CE69B400F0563E /* Location.swift */; };
		82C7AEC328CE7A9E00F0563E /* AppLockViewModel.swift in Sources */ = {isa = PBXBuildFile; fileRef = 82C7AEC228CE7A9E00F0563E /* AppLockViewModel.swift */; };
		82C7AEC628CE831200F0563E /* AppLockView.swift in Sources */ = {isa = PBXBuildFile; fileRef = 82C7AEC528CE831200F0563E /* AppLockView.swift */; };
		82C7AEC928CE83F600F0563E /* SettingsView.swift in Sources */ = {isa = PBXBuildFile; fileRef = 82C7AEC828CE83F600F0563E /* SettingsView.swift */; };
		82C7AECB28CE853400F0563E /* RootViewModel.swift in Sources */ = {isa = PBXBuildFile; fileRef = 82C7AECA28CE853400F0563E /* RootViewModel.swift */; };
/* End PBXBuildFile section */

/* Begin PBXContainerItemProxy section */
		82C7AE9128CE599A00F0563E /* PBXContainerItemProxy */ = {
			isa = PBXContainerItemProxy;
			containerPortal = 82C7AE7828CE599600F0563E /* Project object */;
			proxyType = 1;
			remoteGlobalIDString = 82C7AE7F28CE599600F0563E;
			remoteInfo = BucketList;
		};
		82C7AE9B28CE599A00F0563E /* PBXContainerItemProxy */ = {
			isa = PBXContainerItemProxy;
			containerPortal = 82C7AE7828CE599600F0563E /* Project object */;
			proxyType = 1;
			remoteGlobalIDString = 82C7AE7F28CE599600F0563E;
			remoteInfo = BucketList;
		};
/* End PBXContainerItemProxy section */

/* Begin PBXFileReference section */
		82A8EE9D28D271FA00826F0F /* en */ = {isa = PBXFileReference; lastKnownFileType = text.plist.strings; name = en; path = en.lproj/Localizable.strings; sourceTree = "<group>"; };
		82A8EEA028D272F100826F0F /* String.swift */ = {isa = PBXFileReference; lastKnownFileType = sourcecode.swift; path = String.swift; sourceTree = "<group>"; };
		82A8EEA328D2732600826F0F /* Localizations.swift */ = {isa = PBXFileReference; lastKnownFileType = sourcecode.swift; path = Localizations.swift; sourceTree = "<group>"; };
		82A8EEA628D278D000826F0F /* Image.swift */ = {isa = PBXFileReference; lastKnownFileType = sourcecode.swift; path = Image.swift; sourceTree = "<group>"; };
		82C7AE8028CE599600F0563E /* BucketList.app */ = {isa = PBXFileReference; explicitFileType = wrapper.application; includeInIndex = 0; path = BucketList.app; sourceTree = BUILT_PRODUCTS_DIR; };
		82C7AE8328CE599600F0563E /* BucketListApp.swift */ = {isa = PBXFileReference; lastKnownFileType = sourcecode.swift; path = BucketListApp.swift; sourceTree = "<group>"; };
		82C7AE8528CE599600F0563E /* RootView.swift */ = {isa = PBXFileReference; lastKnownFileType = sourcecode.swift; path = RootView.swift; sourceTree = "<group>"; };
		82C7AE8728CE599900F0563E /* Assets.xcassets */ = {isa = PBXFileReference; lastKnownFileType = folder.assetcatalog; path = Assets.xcassets; sourceTree = "<group>"; };
		82C7AE8A28CE599900F0563E /* Preview Assets.xcassets */ = {isa = PBXFileReference; lastKnownFileType = folder.assetcatalog; path = "Preview Assets.xcassets"; sourceTree = "<group>"; };
		82C7AE9028CE599A00F0563E /* BucketListTests.xctest */ = {isa = PBXFileReference; explicitFileType = wrapper.cfbundle; includeInIndex = 0; path = BucketListTests.xctest; sourceTree = BUILT_PRODUCTS_DIR; };
		82C7AE9428CE599A00F0563E /* BucketListTests.swift */ = {isa = PBXFileReference; lastKnownFileType = sourcecode.swift; path = BucketListTests.swift; sourceTree = "<group>"; };
		82C7AE9A28CE599A00F0563E /* BucketListUITests.xctest */ = {isa = PBXFileReference; explicitFileType = wrapper.cfbundle; includeInIndex = 0; path = BucketListUITests.xctest; sourceTree = BUILT_PRODUCTS_DIR; };
		82C7AE9E28CE599A00F0563E /* BucketListUITests.swift */ = {isa = PBXFileReference; lastKnownFileType = sourcecode.swift; path = BucketListUITests.swift; sourceTree = "<group>"; };
		82C7AEA028CE599A00F0563E /* BucketListUITestsLaunchTests.swift */ = {isa = PBXFileReference; lastKnownFileType = sourcecode.swift; path = BucketListUITestsLaunchTests.swift; sourceTree = "<group>"; };
		82C7AEB228CE5C0300F0563E /* User.swift */ = {isa = PBXFileReference; lastKnownFileType = sourcecode.swift; path = User.swift; sourceTree = "<group>"; };
		82C7AEB628CE5DC300F0563E /* FileManager.swift */ = {isa = PBXFileReference; lastKnownFileType = sourcecode.swift; path = FileManager.swift; sourceTree = "<group>"; };
		82C7AEB828CE600D00F0563E /* Bundle.swift */ = {isa = PBXFileReference; lastKnownFileType = sourcecode.swift; path = Bundle.swift; sourceTree = "<group>"; };
		82C7AEBB28CE666100F0563E /* MapView.swift */ = {isa = PBXFileReference; lastKnownFileType = sourcecode.swift; path = MapView.swift; sourceTree = "<group>"; };
		82C7AEBD28CE66BA00F0563E /* MapViewModel.swift */ = {isa = PBXFileReference; lastKnownFileType = sourcecode.swift; path = MapViewModel.swift; sourceTree = "<group>"; };
		82C7AEBF28CE69B400F0563E /* Location.swift */ = {isa = PBXFileReference; lastKnownFileType = sourcecode.swift; path = Location.swift; sourceTree = "<group>"; };
		82C7AEC228CE7A9E00F0563E /* AppLockViewModel.swift */ = {isa = PBXFileReference; lastKnownFileType = sourcecode.swift; path = AppLockViewModel.swift; sourceTree = "<group>"; };
		82C7AEC528CE831200F0563E /* AppLockView.swift */ = {isa = PBXFileReference; lastKnownFileType = sourcecode.swift; path = AppLockView.swift; sourceTree = "<group>"; };
		82C7AEC828CE83F600F0563E /* SettingsView.swift */ = {isa = PBXFileReference; lastKnownFileType = sourcecode.swift; path = SettingsView.swift; sourceTree = "<group>"; };
		82C7AECA28CE853400F0563E /* RootViewModel.swift */ = {isa = PBXFileReference; lastKnownFileType = sourcecode.swift; path = RootViewModel.swift; sourceTree = "<group>"; };
/* End PBXFileReference section */

/* Begin PBXFrameworksBuildPhase section */
		82C7AE7D28CE599600F0563E /* Frameworks */ = {
			isa = PBXFrameworksBuildPhase;
			buildActionMask = 2147483647;
			files = (
			);
			runOnlyForDeploymentPostprocessing = 0;
		};
		82C7AE8D28CE599A00F0563E /* Frameworks */ = {
			isa = PBXFrameworksBuildPhase;
			buildActionMask = 2147483647;
			files = (
			);
			runOnlyForDeploymentPostprocessing = 0;
		};
		82C7AE9728CE599A00F0563E /* Frameworks */ = {
			isa = PBXFrameworksBuildPhase;
			buildActionMask = 2147483647;
			files = (
			);
			runOnlyForDeploymentPostprocessing = 0;
		};
/* End PBXFrameworksBuildPhase section */

/* Begin PBXGroup section */
		82A8EE9F28D272D200826F0F /* Foundation */ = {
			isa = PBXGroup;
			children = (
				82C7AEB628CE5DC300F0563E /* FileManager.swift */,
				82C7AEB828CE600D00F0563E /* Bundle.swift */,
				82A8EEA028D272F100826F0F /* String.swift */,
			);
			path = Foundation;
			sourceTree = "<group>";
		};
		82A8EEA228D2731B00826F0F /* Localizations */ = {
			isa = PBXGroup;
			children = (
				82A8EEA328D2732600826F0F /* Localizations.swift */,
			);
			path = Localizations;
			sourceTree = "<group>";
		};
		82A8EEA528D2780500826F0F /* UI */ = {
			isa = PBXGroup;
			children = (
				82A8EEA628D278D000826F0F /* Image.swift */,
			);
			path = UI;
			sourceTree = "<group>";
		};
		82C7AE7728CE599600F0563E = {
			isa = PBXGroup;
			children = (
				82C7AE8228CE599600F0563E /* BucketList */,
				82C7AE9328CE599A00F0563E /* BucketListTests */,
				82C7AE9D28CE599A00F0563E /* BucketListUITests */,
				82C7AE8128CE599600F0563E /* Products */,
			);
			sourceTree = "<group>";
		};
		82C7AE8128CE599600F0563E /* Products */ = {
			isa = PBXGroup;
			children = (
				82C7AE8028CE599600F0563E /* BucketList.app */,
				82C7AE9028CE599A00F0563E /* BucketListTests.xctest */,
				82C7AE9A28CE599A00F0563E /* BucketListUITests.xctest */,
			);
			name = Products;
			sourceTree = "<group>";
		};
		82C7AE8228CE599600F0563E /* BucketList */ = {
			isa = PBXGroup;
			children = (
				82C7AE8328CE599600F0563E /* BucketListApp.swift */,
				82C7AEAE28CE5A6300F0563E /* Common */,
				82C7AEAF28CE5A6E00F0563E /* Domain */,
				82C7AEB028CE5AE200F0563E /* Modules */,
				82C7AEAD28CE5A3400F0563E /* Resources */,
				82C7AE8928CE599900F0563E /* Preview Content */,
			);
			path = BucketList;
			sourceTree = "<group>";
		};
		82C7AE8928CE599900F0563E /* Preview Content */ = {
			isa = PBXGroup;
			children = (
				82C7AE8A28CE599900F0563E /* Preview Assets.xcassets */,
			);
			path = "Preview Content";
			sourceTree = "<group>";
		};
		82C7AE9328CE599A00F0563E /* BucketListTests */ = {
			isa = PBXGroup;
			children = (
				82C7AE9428CE599A00F0563E /* BucketListTests.swift */,
			);
			path = BucketListTests;
			sourceTree = "<group>";
		};
		82C7AE9D28CE599A00F0563E /* BucketListUITests */ = {
			isa = PBXGroup;
			children = (
				82C7AE9E28CE599A00F0563E /* BucketListUITests.swift */,
				82C7AEA028CE599A00F0563E /* BucketListUITestsLaunchTests.swift */,
			);
			path = BucketListUITests;
			sourceTree = "<group>";
		};
		82C7AEAD28CE5A3400F0563E /* Resources */ = {
			isa = PBXGroup;
			children = (
				82A8EEA228D2731B00826F0F /* Localizations */,
				82C7AE8728CE599900F0563E /* Assets.xcassets */,
				82A8EE9E28D271FA00826F0F /* Localizable.strings */,
			);
			path = Resources;
			sourceTree = "<group>";
		};
		82C7AEAE28CE5A6300F0563E /* Common */ = {
			isa = PBXGroup;
			children = (
				82C7AEC428CE82D800F0563E /* CustomViews */,
				82C7AEC128CE7A7100F0563E /* Services */,
				82C7AEB528CE5D9A00F0563E /* Extensions */,
			);
			path = Common;
			sourceTree = "<group>";
		};
		82C7AEAF28CE5A6E00F0563E /* Domain */ = {
			isa = PBXGroup;
			children = (
				82C7AEB128CE5B0400F0563E /* Models */,
			);
			path = Domain;
			sourceTree = "<group>";
		};
		82C7AEB028CE5AE200F0563E /* Modules */ = {
			isa = PBXGroup;
			children = (
				82C7AEC728CE83DF00F0563E /* Settings */,
				82C7AEBA28CE663200F0563E /* MapView */,
				82C7AEB428CE5D6300F0563E /* Root */,
			);
			path = Modules;
			sourceTree = "<group>";
		};
		82C7AEB128CE5B0400F0563E /* Models */ = {
			isa = PBXGroup;
			children = (
				82C7AEB228CE5C0300F0563E /* User.swift */,
				82C7AEBF28CE69B400F0563E /* Location.swift */,
			);
			path = Models;
			sourceTree = "<group>";
		};
		82C7AEB428CE5D6300F0563E /* Root */ = {
			isa = PBXGroup;
			children = (
				82C7AE8528CE599600F0563E /* RootView.swift */,
				82C7AECA28CE853400F0563E /* RootViewModel.swift */,
			);
			path = Root;
			sourceTree = "<group>";
		};
		82C7AEB528CE5D9A00F0563E /* Extensions */ = {
			isa = PBXGroup;
			children = (
				82A8EEA528D2780500826F0F /* UI */,
				82A8EE9F28D272D200826F0F /* Foundation */,
			);
			path = Extensions;
			sourceTree = "<group>";
		};
		82C7AEBA28CE663200F0563E /* MapView */ = {
			isa = PBXGroup;
			children = (
				82C7AEBB28CE666100F0563E /* MapView.swift */,
				82C7AEBD28CE66BA00F0563E /* MapViewModel.swift */,
			);
			path = MapView;
			sourceTree = "<group>";
		};
		82C7AEC128CE7A7100F0563E /* Services */ = {
			isa = PBXGroup;
			children = (
				82C7AEC228CE7A9E00F0563E /* AppLockViewModel.swift */,
			);
			path = Services;
			sourceTree = "<group>";
		};
		82C7AEC428CE82D800F0563E /* CustomViews */ = {
			isa = PBXGroup;
			children = (
				82C7AEC528CE831200F0563E /* AppLockView.swift */,
			);
			path = CustomViews;
			sourceTree = "<group>";
		};
		82C7AEC728CE83DF00F0563E /* Settings */ = {
			isa = PBXGroup;
			children = (
				82C7AEC828CE83F600F0563E /* SettingsView.swift */,
			);
			path = Settings;
			sourceTree = "<group>";
		};
/* End PBXGroup section */

/* Begin PBXNativeTarget section */
		82C7AE7F28CE599600F0563E /* BucketList */ = {
			isa = PBXNativeTarget;
			buildConfigurationList = 82C7AEA428CE599A00F0563E /* Build configuration list for PBXNativeTarget "BucketList" */;
			buildPhases = (
				82C7AE7C28CE599600F0563E /* Sources */,
				82C7AE7D28CE599600F0563E /* Frameworks */,
				82C7AE7E28CE599600F0563E /* Resources */,
			);
			buildRules = (
			);
			dependencies = (
			);
			name = BucketList;
			productName = BucketList;
			productReference = 82C7AE8028CE599600F0563E /* BucketList.app */;
			productType = "com.apple.product-type.application";
		};
		82C7AE8F28CE599A00F0563E /* BucketListTests */ = {
			isa = PBXNativeTarget;
			buildConfigurationList = 82C7AEA728CE599A00F0563E /* Build configuration list for PBXNativeTarget "BucketListTests" */;
			buildPhases = (
				82C7AE8C28CE599A00F0563E /* Sources */,
				82C7AE8D28CE599A00F0563E /* Frameworks */,
				82C7AE8E28CE599A00F0563E /* Resources */,
			);
			buildRules = (
			);
			dependencies = (
				82C7AE9228CE599A00F0563E /* PBXTargetDependency */,
			);
			name = BucketListTests;
			productName = BucketListTests;
			productReference = 82C7AE9028CE599A00F0563E /* BucketListTests.xctest */;
			productType = "com.apple.product-type.bundle.unit-test";
		};
		82C7AE9928CE599A00F0563E /* BucketListUITests */ = {
			isa = PBXNativeTarget;
			buildConfigurationList = 82C7AEAA28CE599A00F0563E /* Build configuration list for PBXNativeTarget "BucketListUITests" */;
			buildPhases = (
				82C7AE9628CE599A00F0563E /* Sources */,
				82C7AE9728CE599A00F0563E /* Frameworks */,
				82C7AE9828CE599A00F0563E /* Resources */,
			);
			buildRules = (
			);
			dependencies = (
				82C7AE9C28CE599A00F0563E /* PBXTargetDependency */,
			);
			name = BucketListUITests;
			productName = BucketListUITests;
			productReference = 82C7AE9A28CE599A00F0563E /* BucketListUITests.xctest */;
			productType = "com.apple.product-type.bundle.ui-testing";
		};
/* End PBXNativeTarget section */

/* Begin PBXProject section */
		82C7AE7828CE599600F0563E /* Project object */ = {
			isa = PBXProject;
			attributes = {
				BuildIndependentTargetsInParallel = 1;
				LastSwiftUpdateCheck = 1340;
				LastUpgradeCheck = 1340;
				TargetAttributes = {
					82C7AE7F28CE599600F0563E = {
						CreatedOnToolsVersion = 13.4;
					};
					82C7AE8F28CE599A00F0563E = {
						CreatedOnToolsVersion = 13.4;
						TestTargetID = 82C7AE7F28CE599600F0563E;
					};
					82C7AE9928CE599A00F0563E = {
						CreatedOnToolsVersion = 13.4;
						TestTargetID = 82C7AE7F28CE599600F0563E;
					};
				};
			};
			buildConfigurationList = 82C7AE7B28CE599600F0563E /* Build configuration list for PBXProject "BucketList" */;
			compatibilityVersion = "Xcode 13.0";
			developmentRegion = en;
			hasScannedForEncodings = 0;
			knownRegions = (
				en,
				Base,
			);
			mainGroup = 82C7AE7728CE599600F0563E;
			productRefGroup = 82C7AE8128CE599600F0563E /* Products */;
			projectDirPath = "";
			projectRoot = "";
			targets = (
				82C7AE7F28CE599600F0563E /* BucketList */,
				82C7AE8F28CE599A00F0563E /* BucketListTests */,
				82C7AE9928CE599A00F0563E /* BucketListUITests */,
			);
		};
/* End PBXProject section */

/* Begin PBXResourcesBuildPhase section */
		82C7AE7E28CE599600F0563E /* Resources */ = {
			isa = PBXResourcesBuildPhase;
			buildActionMask = 2147483647;
			files = (
				82C7AE8B28CE599900F0563E /* Preview Assets.xcassets in Resources */,
				82A8EE9C28D271FA00826F0F /* Localizable.strings in Resources */,
				82C7AE8828CE599900F0563E /* Assets.xcassets in Resources */,
			);
			runOnlyForDeploymentPostprocessing = 0;
		};
		82C7AE8E28CE599A00F0563E /* Resources */ = {
			isa = PBXResourcesBuildPhase;
			buildActionMask = 2147483647;
			files = (
			);
			runOnlyForDeploymentPostprocessing = 0;
		};
		82C7AE9828CE599A00F0563E /* Resources */ = {
			isa = PBXResourcesBuildPhase;
			buildActionMask = 2147483647;
			files = (
			);
			runOnlyForDeploymentPostprocessing = 0;
		};
/* End PBXResourcesBuildPhase section */

/* Begin PBXSourcesBuildPhase section */
		82C7AE7C28CE599600F0563E /* Sources */ = {
			isa = PBXSourcesBuildPhase;
			buildActionMask = 2147483647;
			files = (
				82C7AE8628CE599600F0563E /* RootView.swift in Sources */,
				82A8EEA128D272F100826F0F /* String.swift in Sources */,
				82C7AEBC28CE666100F0563E /* MapView.swift in Sources */,
				82C7AEC028CE69B500F0563E /* Location.swift in Sources */,
				82A8EEA728D278D000826F0F /* Image.swift in Sources */,
				82A8EEA428D2732600826F0F /* Localizations.swift in Sources */,
				82C7AE8428CE599600F0563E /* BucketListApp.swift in Sources */,
				82C7AEB328CE5C0300F0563E /* User.swift in Sources */,
				82C7AEBE28CE66BA00F0563E /* MapViewModel.swift in Sources */,
				82C7AEB928CE600D00F0563E /* Bundle.swift in Sources */,
				82C7AEC328CE7A9E00F0563E /* AppLockViewModel.swift in Sources */,
				82C7AEB728CE5DC300F0563E /* FileManager.swift in Sources */,
				82C7AEC628CE831200F0563E /* AppLockView.swift in Sources */,
				82C7AECB28CE853400F0563E /* RootViewModel.swift in Sources */,
				82C7AEC928CE83F600F0563E /* SettingsView.swift in Sources */,
			);
			runOnlyForDeploymentPostprocessing = 0;
		};
		82C7AE8C28CE599A00F0563E /* Sources */ = {
			isa = PBXSourcesBuildPhase;
			buildActionMask = 2147483647;
			files = (
				82C7AE9528CE599A00F0563E /* BucketListTests.swift in Sources */,
			);
			runOnlyForDeploymentPostprocessing = 0;
		};
		82C7AE9628CE599A00F0563E /* Sources */ = {
			isa = PBXSourcesBuildPhase;
			buildActionMask = 2147483647;
			files = (
				82C7AEA128CE599A00F0563E /* BucketListUITestsLaunchTests.swift in Sources */,
				82C7AE9F28CE599A00F0563E /* BucketListUITests.swift in Sources */,
			);
			runOnlyForDeploymentPostprocessing = 0;
		};
/* End PBXSourcesBuildPhase section */

/* Begin PBXTargetDependency section */
		82C7AE9228CE599A00F0563E /* PBXTargetDependency */ = {
			isa = PBXTargetDependency;
			target = 82C7AE7F28CE599600F0563E /* BucketList */;
			targetProxy = 82C7AE9128CE599A00F0563E /* PBXContainerItemProxy */;
		};
		82C7AE9C28CE599A00F0563E /* PBXTargetDependency */ = {
			isa = PBXTargetDependency;
			target = 82C7AE7F28CE599600F0563E /* BucketList */;
			targetProxy = 82C7AE9B28CE599A00F0563E /* PBXContainerItemProxy */;
		};
/* End PBXTargetDependency section */

/* Begin PBXVariantGroup section */
		82A8EE9E28D271FA00826F0F /* Localizable.strings */ = {
			isa = PBXVariantGroup;
			children = (
				82A8EE9D28D271FA00826F0F /* en */,
			);
			name = Localizable.strings;
			sourceTree = "<group>";
		};
/* End PBXVariantGroup section */

/* Begin XCBuildConfiguration section */
		82C7AEA228CE599A00F0563E /* Debug */ = {
			isa = XCBuildConfiguration;
			buildSettings = {
				ALWAYS_SEARCH_USER_PATHS = NO;
				CLANG_ANALYZER_NONNULL = YES;
				CLANG_ANALYZER_NUMBER_OBJECT_CONVERSION = YES_AGGRESSIVE;
				CLANG_CXX_LANGUAGE_STANDARD = "gnu++17";
				CLANG_ENABLE_MODULES = YES;
				CLANG_ENABLE_OBJC_ARC = YES;
				CLANG_ENABLE_OBJC_WEAK = YES;
				CLANG_WARN_BLOCK_CAPTURE_AUTORELEASING = YES;
				CLANG_WARN_BOOL_CONVERSION = YES;
				CLANG_WARN_COMMA = YES;
				CLANG_WARN_CONSTANT_CONVERSION = YES;
				CLANG_WARN_DEPRECATED_OBJC_IMPLEMENTATIONS = YES;
				CLANG_WARN_DIRECT_OBJC_ISA_USAGE = YES_ERROR;
				CLANG_WARN_DOCUMENTATION_COMMENTS = YES;
				CLANG_WARN_EMPTY_BODY = YES;
				CLANG_WARN_ENUM_CONVERSION = YES;
				CLANG_WARN_INFINITE_RECURSION = YES;
				CLANG_WARN_INT_CONVERSION = YES;
				CLANG_WARN_NON_LITERAL_NULL_CONVERSION = YES;
				CLANG_WARN_OBJC_IMPLICIT_RETAIN_SELF = YES;
				CLANG_WARN_OBJC_LITERAL_CONVERSION = YES;
				CLANG_WARN_OBJC_ROOT_CLASS = YES_ERROR;
				CLANG_WARN_QUOTED_INCLUDE_IN_FRAMEWORK_HEADER = YES;
				CLANG_WARN_RANGE_LOOP_ANALYSIS = YES;
				CLANG_WARN_STRICT_PROTOTYPES = YES;
				CLANG_WARN_SUSPICIOUS_MOVE = YES;
				CLANG_WARN_UNGUARDED_AVAILABILITY = YES_AGGRESSIVE;
				CLANG_WARN_UNREACHABLE_CODE = YES;
				CLANG_WARN__DUPLICATE_METHOD_MATCH = YES;
				COPY_PHASE_STRIP = NO;
				DEBUG_INFORMATION_FORMAT = dwarf;
				ENABLE_STRICT_OBJC_MSGSEND = YES;
				ENABLE_TESTABILITY = YES;
				GCC_C_LANGUAGE_STANDARD = gnu11;
				GCC_DYNAMIC_NO_PIC = NO;
				GCC_NO_COMMON_BLOCKS = YES;
				GCC_OPTIMIZATION_LEVEL = 0;
				GCC_PREPROCESSOR_DEFINITIONS = (
					"DEBUG=1",
					"$(inherited)",
				);
				GCC_WARN_64_TO_32_BIT_CONVERSION = YES;
				GCC_WARN_ABOUT_RETURN_TYPE = YES_ERROR;
				GCC_WARN_UNDECLARED_SELECTOR = YES;
				GCC_WARN_UNINITIALIZED_AUTOS = YES_AGGRESSIVE;
				GCC_WARN_UNUSED_FUNCTION = YES;
				GCC_WARN_UNUSED_VARIABLE = YES;
				IPHONEOS_DEPLOYMENT_TARGET = 15.5;
				MTL_ENABLE_DEBUG_INFO = INCLUDE_SOURCE;
				MTL_FAST_MATH = YES;
				ONLY_ACTIVE_ARCH = YES;
				SDKROOT = iphoneos;
				SWIFT_ACTIVE_COMPILATION_CONDITIONS = DEBUG;
				SWIFT_OPTIMIZATION_LEVEL = "-Onone";
			};
			name = Debug;
		};
		82C7AEA328CE599A00F0563E /* Release */ = {
			isa = XCBuildConfiguration;
			buildSettings = {
				ALWAYS_SEARCH_USER_PATHS = NO;
				CLANG_ANALYZER_NONNULL = YES;
				CLANG_ANALYZER_NUMBER_OBJECT_CONVERSION = YES_AGGRESSIVE;
				CLANG_CXX_LANGUAGE_STANDARD = "gnu++17";
				CLANG_ENABLE_MODULES = YES;
				CLANG_ENABLE_OBJC_ARC = YES;
				CLANG_ENABLE_OBJC_WEAK = YES;
				CLANG_WARN_BLOCK_CAPTURE_AUTORELEASING = YES;
				CLANG_WARN_BOOL_CONVERSION = YES;
				CLANG_WARN_COMMA = YES;
				CLANG_WARN_CONSTANT_CONVERSION = YES;
				CLANG_WARN_DEPRECATED_OBJC_IMPLEMENTATIONS = YES;
				CLANG_WARN_DIRECT_OBJC_ISA_USAGE = YES_ERROR;
				CLANG_WARN_DOCUMENTATION_COMMENTS = YES;
				CLANG_WARN_EMPTY_BODY = YES;
				CLANG_WARN_ENUM_CONVERSION = YES;
				CLANG_WARN_INFINITE_RECURSION = YES;
				CLANG_WARN_INT_CONVERSION = YES;
				CLANG_WARN_NON_LITERAL_NULL_CONVERSION = YES;
				CLANG_WARN_OBJC_IMPLICIT_RETAIN_SELF = YES;
				CLANG_WARN_OBJC_LITERAL_CONVERSION = YES;
				CLANG_WARN_OBJC_ROOT_CLASS = YES_ERROR;
				CLANG_WARN_QUOTED_INCLUDE_IN_FRAMEWORK_HEADER = YES;
				CLANG_WARN_RANGE_LOOP_ANALYSIS = YES;
				CLANG_WARN_STRICT_PROTOTYPES = YES;
				CLANG_WARN_SUSPICIOUS_MOVE = YES;
				CLANG_WARN_UNGUARDED_AVAILABILITY = YES_AGGRESSIVE;
				CLANG_WARN_UNREACHABLE_CODE = YES;
				CLANG_WARN__DUPLICATE_METHOD_MATCH = YES;
				COPY_PHASE_STRIP = NO;
				DEBUG_INFORMATION_FORMAT = "dwarf-with-dsym";
				ENABLE_NS_ASSERTIONS = NO;
				ENABLE_STRICT_OBJC_MSGSEND = YES;
				GCC_C_LANGUAGE_STANDARD = gnu11;
				GCC_NO_COMMON_BLOCKS = YES;
				GCC_WARN_64_TO_32_BIT_CONVERSION = YES;
				GCC_WARN_ABOUT_RETURN_TYPE = YES_ERROR;
				GCC_WARN_UNDECLARED_SELECTOR = YES;
				GCC_WARN_UNINITIALIZED_AUTOS = YES_AGGRESSIVE;
				GCC_WARN_UNUSED_FUNCTION = YES;
				GCC_WARN_UNUSED_VARIABLE = YES;
				IPHONEOS_DEPLOYMENT_TARGET = 15.5;
				MTL_ENABLE_DEBUG_INFO = NO;
				MTL_FAST_MATH = YES;
				SDKROOT = iphoneos;
				SWIFT_COMPILATION_MODE = wholemodule;
				SWIFT_OPTIMIZATION_LEVEL = "-O";
				VALIDATE_PRODUCT = YES;
			};
			name = Release;
		};
		82C7AEA528CE599A00F0563E /* Debug */ = {
			isa = XCBuildConfiguration;
			buildSettings = {
				ASSETCATALOG_COMPILER_APPICON_NAME = AppIcon;
				ASSETCATALOG_COMPILER_GLOBAL_ACCENT_COLOR_NAME = AccentColor;
				CODE_SIGN_STYLE = Automatic;
				CURRENT_PROJECT_VERSION = 1;
				DEVELOPMENT_ASSET_PATHS = "\"BucketList/Preview Content\"";
				DEVELOPMENT_TEAM = N37DY79DRF;
				ENABLE_PREVIEWS = YES;
				GENERATE_INFOPLIST_FILE = YES;
				INFOPLIST_KEY_LSApplicationCategoryType = "";
				INFOPLIST_KEY_NSFaceIDUsageDescription = "$(PRODUCT_NAME) need Touch Id or Face ID permission for app lock";
				INFOPLIST_KEY_UIApplicationSceneManifest_Generation = YES;
				INFOPLIST_KEY_UIApplicationSupportsIndirectInputEvents = YES;
				INFOPLIST_KEY_UILaunchScreen_Generation = YES;
				INFOPLIST_KEY_UISupportedInterfaceOrientations_iPad = "UIInterfaceOrientationPortrait UIInterfaceOrientationPortraitUpsideDown UIInterfaceOrientationLandscapeLeft UIInterfaceOrientationLandscapeRight";
				INFOPLIST_KEY_UISupportedInterfaceOrientations_iPhone = "UIInterfaceOrientationPortrait UIInterfaceOrientationLandscapeLeft UIInterfaceOrientationLandscapeRight";
				INFOPLIST_KEY_UIUserInterfaceStyle = Light;
				LD_RUNPATH_SEARCH_PATHS = (
					"$(inherited)",
					"@executable_path/Frameworks",
				);
				MARKETING_VERSION = 1.0;
				PRODUCT_BUNDLE_IDENTIFIER = ua.vfil.BucketList;
				PRODUCT_NAME = "$(TARGET_NAME)";
				SWIFT_EMIT_LOC_STRINGS = YES;
				SWIFT_VERSION = 5.0;
				TARGETED_DEVICE_FAMILY = "1,2";
			};
			name = Debug;
		};
		82C7AEA628CE599A00F0563E /* Release */ = {
			isa = XCBuildConfiguration;
			buildSettings = {
				ASSETCATALOG_COMPILER_APPICON_NAME = AppIcon;
				ASSETCATALOG_COMPILER_GLOBAL_ACCENT_COLOR_NAME = AccentColor;
				CODE_SIGN_STYLE = Automatic;
				CURRENT_PROJECT_VERSION = 1;
				DEVELOPMENT_ASSET_PATHS = "\"BucketList/Preview Content\"";
				DEVELOPMENT_TEAM = N37DY79DRF;
				ENABLE_PREVIEWS = YES;
				GENERATE_INFOPLIST_FILE = YES;
				INFOPLIST_KEY_LSApplicationCategoryType = "";
				INFOPLIST_KEY_NSFaceIDUsageDescription = "$(PRODUCT_NAME) need Touch Id or Face ID permission for app lock";
				INFOPLIST_KEY_UIApplicationSceneManifest_Generation = YES;
				INFOPLIST_KEY_UIApplicationSupportsIndirectInputEvents = YES;
				INFOPLIST_KEY_UILaunchScreen_Generation = YES;
				INFOPLIST_KEY_UISupportedInterfaceOrientations_iPad = "UIInterfaceOrientationPortrait UIInterfaceOrientationPortraitUpsideDown UIInterfaceOrientationLandscapeLeft UIInterfaceOrientationLandscapeRight";
				INFOPLIST_KEY_UISupportedInterfaceOrientations_iPhone = "UIInterfaceOrientationPortrait UIInterfaceOrientationLandscapeLeft UIInterfaceOrientationLandscapeRight";
				INFOPLIST_KEY_UIUserInterfaceStyle = Light;
				LD_RUNPATH_SEARCH_PATHS = (
					"$(inherited)",
					"@executable_path/Frameworks",
				);
				MARKETING_VERSION = 1.0;
				PRODUCT_BUNDLE_IDENTIFIER = ua.vfil.BucketList;
				PRODUCT_NAME = "$(TARGET_NAME)";
				SWIFT_EMIT_LOC_STRINGS = YES;
				SWIFT_VERSION = 5.0;
				TARGETED_DEVICE_FAMILY = "1,2";
			};
			name = Release;
		};
		82C7AEA828CE599A00F0563E /* Debug */ = {
			isa = XCBuildConfiguration;
			buildSettings = {
				ALWAYS_EMBED_SWIFT_STANDARD_LIBRARIES = YES;
				BUNDLE_LOADER = "$(TEST_HOST)";
				CODE_SIGN_STYLE = Automatic;
				CURRENT_PROJECT_VERSION = 1;
				DEVELOPMENT_TEAM = N37DY79DRF;
				GENERATE_INFOPLIST_FILE = YES;
				IPHONEOS_DEPLOYMENT_TARGET = 15.5;
				MARKETING_VERSION = 1.0;
				PRODUCT_BUNDLE_IDENTIFIER = ua.vfil.BucketListTests;
				PRODUCT_NAME = "$(TARGET_NAME)";
				SWIFT_EMIT_LOC_STRINGS = NO;
				SWIFT_VERSION = 5.0;
				TARGETED_DEVICE_FAMILY = "1,2";
				TEST_HOST = "$(BUILT_PRODUCTS_DIR)/BucketList.app/BucketList";
			};
			name = Debug;
		};
		82C7AEA928CE599A00F0563E /* Release */ = {
			isa = XCBuildConfiguration;
			buildSettings = {
				ALWAYS_EMBED_SWIFT_STANDARD_LIBRARIES = YES;
				BUNDLE_LOADER = "$(TEST_HOST)";
				CODE_SIGN_STYLE = Automatic;
				CURRENT_PROJECT_VERSION = 1;
				DEVELOPMENT_TEAM = N37DY79DRF;
				GENERATE_INFOPLIST_FILE = YES;
				IPHONEOS_DEPLOYMENT_TARGET = 15.5;
				MARKETING_VERSION = 1.0;
				PRODUCT_BUNDLE_IDENTIFIER = ua.vfil.BucketListTests;
				PRODUCT_NAME = "$(TARGET_NAME)";
				SWIFT_EMIT_LOC_STRINGS = NO;
				SWIFT_VERSION = 5.0;
				TARGETED_DEVICE_FAMILY = "1,2";
				TEST_HOST = "$(BUILT_PRODUCTS_DIR)/BucketList.app/BucketList";
			};
			name = Release;
		};
		82C7AEAB28CE599A00F0563E /* Debug */ = {
			isa = XCBuildConfiguration;
			buildSettings = {
				ALWAYS_EMBED_SWIFT_STANDARD_LIBRARIES = YES;
				CODE_SIGN_STYLE = Automatic;
				CURRENT_PROJECT_VERSION = 1;
				DEVELOPMENT_TEAM = N37DY79DRF;
				GENERATE_INFOPLIST_FILE = YES;
				MARKETING_VERSION = 1.0;
				PRODUCT_BUNDLE_IDENTIFIER = ua.vfil.BucketListUITests;
				PRODUCT_NAME = "$(TARGET_NAME)";
				SWIFT_EMIT_LOC_STRINGS = NO;
				SWIFT_VERSION = 5.0;
				TARGETED_DEVICE_FAMILY = "1,2";
				TEST_TARGET_NAME = BucketList;
			};
			name = Debug;
		};
		82C7AEAC28CE599A00F0563E /* Release */ = {
			isa = XCBuildConfiguration;
			buildSettings = {
				ALWAYS_EMBED_SWIFT_STANDARD_LIBRARIES = YES;
				CODE_SIGN_STYLE = Automatic;
				CURRENT_PROJECT_VERSION = 1;
				DEVELOPMENT_TEAM = N37DY79DRF;
				GENERATE_INFOPLIST_FILE = YES;
				MARKETING_VERSION = 1.0;
				PRODUCT_BUNDLE_IDENTIFIER = ua.vfil.BucketListUITests;
				PRODUCT_NAME = "$(TARGET_NAME)";
				SWIFT_EMIT_LOC_STRINGS = NO;
				SWIFT_VERSION = 5.0;
				TARGETED_DEVICE_FAMILY = "1,2";
				TEST_TARGET_NAME = BucketList;
			};
			name = Release;
		};
/* End XCBuildConfiguration section */

/* Begin XCConfigurationList section */
		82C7AE7B28CE599600F0563E /* Build configuration list for PBXProject "BucketList" */ = {
			isa = XCConfigurationList;
			buildConfigurations = (
				82C7AEA228CE599A00F0563E /* Debug */,
				82C7AEA328CE599A00F0563E /* Release */,
			);
			defaultConfigurationIsVisible = 0;
			defaultConfigurationName = Release;
		};
		82C7AEA428CE599A00F0563E /* Build configuration list for PBXNativeTarget "BucketList" */ = {
			isa = XCConfigurationList;
			buildConfigurations = (
				82C7AEA528CE599A00F0563E /* Debug */,
				82C7AEA628CE599A00F0563E /* Release */,
			);
			defaultConfigurationIsVisible = 0;
			defaultConfigurationName = Release;
		};
		82C7AEA728CE599A00F0563E /* Build configuration list for PBXNativeTarget "BucketListTests" */ = {
			isa = XCConfigurationList;
			buildConfigurations = (
				82C7AEA828CE599A00F0563E /* Debug */,
				82C7AEA928CE599A00F0563E /* Release */,
			);
			defaultConfigurationIsVisible = 0;
			defaultConfigurationName = Release;
		};
		82C7AEAA28CE599A00F0563E /* Build configuration list for PBXNativeTarget "BucketListUITests" */ = {
			isa = XCConfigurationList;
			buildConfigurations = (
				82C7AEAB28CE599A00F0563E /* Debug */,
				82C7AEAC28CE599A00F0563E /* Release */,
			);
			defaultConfigurationIsVisible = 0;
			defaultConfigurationName = Release;
		};
/* End XCConfigurationList section */
	};
	rootObject = 82C7AE7828CE599600F0563E /* Project object */;
}
